
Microsoft Visual Studio Solution File, Format Version 12.00
# Visual Studio Version 17
VisualStudioVersion = 17.11.35327.3
MinimumVisualStudioVersion = 10.0.40219.1
Project("{FAE04EC0-301F-11D3-BF4B-00C04F79EFBC}") = "TP_Lab2", "TP_Lab2\TP_Lab2.csproj", "{7DC298D7-7253-47DC-BC51-BFA1C5176F16}"
EndProject
Global
	GlobalSection(SolutionConfigurationPlatforms) = preSolution
		Debug|Any CPU = Debug|Any CPU
		Release|Any CPU = Release|Any CPU
	EndGlobalSection
	GlobalSection(ProjectConfigurationPlatforms) = postSolution
		{7DC298D7-7253-47DC-BC51-BFA1C5176F16}.Debug|Any CPU.ActiveCfg = Debug|Any CPU
		{7DC298D7-7253-47DC-BC51-BFA1C5176F16}.Debug|Any CPU.Build.0 = Debug|Any CPU
		{7DC298D7-7253-47DC-BC51-BFA1C5176F16}.Release|Any CPU.ActiveCfg = Release|Any CPU
		{7DC298D7-7253-47DC-BC51-BFA1C5176F16}.Release|Any CPU.Build.0 = Release|Any CPU
	EndGlobalSection
	GlobalSection(SolutionProperties) = preSolution
		HideSolutionNode = FALSE
	EndGlobalSection
	GlobalSection(ExtensibilityGlobals) = postSolution
		SolutionGuid = {B544484D-3CB8-4F72-A4B9-7110222573E9}
	EndGlobalSection
EndGlobal
